
Microsoft Visual Studio Solution File, Format Version 12.00
# Visual Studio Version 17
VisualStudioVersion = 17.0.31903.59
MinimumVisualStudioVersion = 10.0.40219.1
Project("{2150E333-8FDC-42A3-9474-1A3956D46DE8}") = "InferenceGateway", "InferenceGateway", "{E0B08104-7A29-68BA-1477-3613FB121768}"
EndProject
Project("{FAE04EC0-301F-11D3-BF4B-00C04F79EFBC}") = "Synaxis.InferenceGateway.WebApi", "src\InferenceGateway\WebApi\Synaxis.InferenceGateway.WebApi.csproj", "{D3C24AE9-2525-4E47-9A7A-047D6BA14CA0}"
EndProject
Project("{FAE04EC0-301F-11D3-BF4B-00C04F79EFBC}") = "Synaxis.InferenceGateway.Application", "src\InferenceGateway\Application\Synaxis.InferenceGateway.Application.csproj", "{BDA6E144-6DBB-45E0-9128-A3FE4D38C3A1}"
EndProject
Project("{FAE04EC0-301F-11D3-BF4B-00C04F79EFBC}") = "Synaxis.InferenceGateway.Infrastructure", "src\InferenceGateway\Infrastructure\Synaxis.InferenceGateway.Infrastructure.csproj", "{C360AA58-CDA7-4154-9FF4-4EDC32140479}"
EndProject
Project("{FAE04EC0-301F-11D3-BF4B-00C04F79EFBC}") = "Synaxis.InferenceGateway.IntegrationTests", "tests\InferenceGateway\IntegrationTests\Synaxis.InferenceGateway.IntegrationTests.csproj", "{37AE4ED6-7417-42A8-9935-7039C204128F}"
EndProject
Project("{FAE04EC0-301F-11D3-BF4B-00C04F79EFBC}") = "Synaxis.InferenceGateway.Application.Tests", "tests\InferenceGateway\Application.Tests\Synaxis.InferenceGateway.Application.Tests.csproj", "{9D024BEF-BDEB-4D5F-89E3-C2031AB035D7}"
EndProject
Project("{FAE04EC0-301F-11D3-BF4B-00C04F79EFBC}") = "Synaxis.InferenceGateway.Infrastructure.Tests", "tests\InferenceGateway\Infrastructure.Tests\Synaxis.InferenceGateway.Infrastructure.Tests.csproj", "{F47C121D-71FE-48AB-96B3-0BE27CDC9F04}"
EndProject
Project("{2150E333-8FDC-42A3-9474-1A3956D46DE8}") = "tests", "tests", "{6DA411B4-8507-4C34-B5F2-EB79DE717705}"
EndProject
Project("{2150E333-8FDC-42A3-9474-1A3956D46DE8}") = "src", "src", "{827E0CD3-B72D-47B6-A68D-7590B98EB39B}"
EndProject
Project("{2150E333-8FDC-42A3-9474-1A3956D46DE8}") = "InferenceGateway.UnitTests", "InferenceGateway.UnitTests", "{668ECFE5-6F8B-0031-5C1B-AC6218541994}"
EndProject
Project("{FAE04EC0-301F-11D3-BF4B-00C04F79EFBC}") = "Synaxis.InferenceGateway.UnitTests", "tests\InferenceGateway.UnitTests\Synaxis.InferenceGateway.UnitTests.csproj", "{A615CF5B-99ED-495F-A88D-8629DBA25083}"
EndProject
Project("{2150E333-8FDC-42A3-9474-1A3956D46DE8}") = "Tests", "Tests", "{CEA09484-30F6-4D44-02F6-822E06DBC57C}"
EndProject
Project("{2150E333-8FDC-42A3-9474-1A3956D46DE8}") = "Benchmarks", "Benchmarks", "{1D9DCB64-1E65-5019-58F0-671C6F0E32C7}"
EndProject
Project("{FAE04EC0-301F-11D3-BF4B-00C04F79EFBC}") = "Synaxis.Benchmarks", "src\Tests\Benchmarks\Synaxis.Benchmarks.csproj", "{4BC1EBC2-4384-4EAA-AD5B-CFAF8FE9B702}"
EndProject
Project("{FAE04EC0-301F-11D3-BF4B-00C04F79EFBC}") = "Synaxis.Infrastructure.Tests", "tests\Synaxis.Infrastructure.Tests\Synaxis.Infrastructure.Tests.csproj", "{4D973029-5C37-45C6-B911-C429E8089AA7}"
EndProject
Project("{FAE04EC0-301F-11D3-BF4B-00C04F79EFBC}") = "Synaxis.Core", "src\Synaxis.Core\Synaxis.Core.csproj", "{92C18B02-DCE6-4BCC-8D84-0E6ED095FEF9}"
EndProject
Project("{FAE04EC0-301F-11D3-BF4B-00C04F79EFBC}") = "Synaxis.Infrastructure", "src\Synaxis.Infrastructure\Synaxis.Infrastructure.csproj", "{C51B0B36-1D14-45B1-A54C-28D93ADF720C}"
EndProject
Project("{FAE04EC0-301F-11D3-BF4B-00C04F79EFBC}") = "Synaxis.Api.Tests", "tests\Synaxis.Api.Tests\Synaxis.Api.Tests.csproj", "{D60AF72F-B9AD-476A-97E0-12C58AC3C2D4}"
EndProject
Project("{FAE04EC0-301F-11D3-BF4B-00C04F79EFBC}") = "Synaxis.Api", "src\Synaxis.Api\Synaxis.Api.csproj", "{866334BD-1E66-48E9-856B-91D5F2111775}"
EndProject
Project("{FAE04EC0-301F-11D3-BF4B-00C04F79EFBC}") = "Synaxis.Abstractions", "src\Synaxis.Abstractions\Synaxis.Abstractions.csproj", "{9853ED68-20E1-4BBC-866A-8DD0510C6A31}"
EndProject
Project("{FAE04EC0-301F-11D3-BF4B-00C04F79EFBC}") = "Synaxis.Server", "src\Synaxis.Server\Synaxis.Server.csproj", "{22D73C8D-3C3A-4C3F-BEBF-0A03E7794A07}"
EndProject
Project("{FAE04EC0-301F-11D3-BF4B-00C04F79EFBC}") = "Synaxis.Routing", "src\Synaxis.Routing\Synaxis.Routing.csproj", "{0D720C22-5122-43E2-A288-6639D5FA28CC}"
EndProject
Project("{FAE04EC0-301F-11D3-BF4B-00C04F79EFBC}") = "Synaxis.Webhooks", "src\Synaxis.Webhooks\Synaxis.Webhooks.csproj", "{75E7180C-F3CA-4C45-BA99-77FE828E86C1}"
EndProject
Project("{FAE04EC0-301F-11D3-BF4B-00C04F79EFBC}") = "Synaxis.Contracts", "src\Synaxis.Contracts\Synaxis.Contracts.csproj", "{67F75931-A1FC-4351-8F41-03896B2E8EBE}"
EndProject
Project("{FAE04EC0-301F-11D3-BF4B-00C04F79EFBC}") = "Synaxis.Providers.OpenAI", "src\Synaxis.Providers.OpenAI\Synaxis.Providers.OpenAI.csproj", "{47ADA479-4987-4C29-B26C-079CE501C5A8}"
EndProject
Project("{FAE04EC0-301F-11D3-BF4B-00C04F79EFBC}") = "Synaxis", "src\Synaxis\Synaxis.csproj", "{F5916AAC-4090-4684-9867-4C63CE4484A1}"
EndProject
Project("{FAE04EC0-301F-11D3-BF4B-00C04F79EFBC}") = "Synaxis.Providers.Azure", "src\Synaxis.Providers.Azure\Synaxis.Providers.Azure.csproj", "{AE95BAE5-CE84-4B3E-A120-62A5A4220A63}"
EndProject
Project("{FAE04EC0-301F-11D3-BF4B-00C04F79EFBC}") = "Synaxis.Providers.Anthropic", "src\Synaxis.Providers.Anthropic\Synaxis.Providers.Anthropic.csproj", "{2B06EC68-0DF5-4357-B2A5-0A61AEB32285}"
EndProject
Project("{FAE04EC0-301F-11D3-BF4B-00C04F79EFBC}") = "Synaxis.BatchProcessing", "src\Synaxis.BatchProcessing\Synaxis.BatchProcessing.csproj", "{73AE65D0-F900-4250-BA90-5149D4CEB79B}"
EndProject
Project("{FAE04EC0-301F-11D3-BF4B-00C04F79EFBC}") = "Synaxis.Providers", "src\Synaxis.Providers\Synaxis.Providers.csproj", "{D85C1000-1105-4C4C-9A3A-82846B5AC68C}"
EndProject
Global
	GlobalSection(SolutionConfigurationPlatforms) = preSolution
		Debug|Any CPU = Debug|Any CPU
		Debug|x64 = Debug|x64
		Debug|x86 = Debug|x86
		Release|Any CPU = Release|Any CPU
		Release|x64 = Release|x64
		Release|x86 = Release|x86
	EndGlobalSection
	GlobalSection(ProjectConfigurationPlatforms) = postSolution
		{D3C24AE9-2525-4E47-9A7A-047D6BA14CA0}.Debug|Any CPU.ActiveCfg = Debug|Any CPU
		{D3C24AE9-2525-4E47-9A7A-047D6BA14CA0}.Debug|Any CPU.Build.0 = Debug|Any CPU
		{D3C24AE9-2525-4E47-9A7A-047D6BA14CA0}.Debug|x64.ActiveCfg = Debug|Any CPU
		{D3C24AE9-2525-4E47-9A7A-047D6BA14CA0}.Debug|x64.Build.0 = Debug|Any CPU
		{D3C24AE9-2525-4E47-9A7A-047D6BA14CA0}.Debug|x86.ActiveCfg = Debug|Any CPU
		{D3C24AE9-2525-4E47-9A7A-047D6BA14CA0}.Debug|x86.Build.0 = Debug|Any CPU
		{D3C24AE9-2525-4E47-9A7A-047D6BA14CA0}.Release|Any CPU.ActiveCfg = Release|Any CPU
		{D3C24AE9-2525-4E47-9A7A-047D6BA14CA0}.Release|Any CPU.Build.0 = Release|Any CPU
		{D3C24AE9-2525-4E47-9A7A-047D6BA14CA0}.Release|x64.ActiveCfg = Release|Any CPU
		{D3C24AE9-2525-4E47-9A7A-047D6BA14CA0}.Release|x64.Build.0 = Release|Any CPU
		{D3C24AE9-2525-4E47-9A7A-047D6BA14CA0}.Release|x86.ActiveCfg = Release|Any CPU
		{D3C24AE9-2525-4E47-9A7A-047D6BA14CA0}.Release|x86.Build.0 = Release|Any CPU
		{BDA6E144-6DBB-45E0-9128-A3FE4D38C3A1}.Debug|Any CPU.ActiveCfg = Debug|Any CPU
		{BDA6E144-6DBB-45E0-9128-A3FE4D38C3A1}.Debug|Any CPU.Build.0 = Debug|Any CPU
		{BDA6E144-6DBB-45E0-9128-A3FE4D38C3A1}.Debug|x64.ActiveCfg = Debug|Any CPU
		{BDA6E144-6DBB-45E0-9128-A3FE4D38C3A1}.Debug|x64.Build.0 = Debug|Any CPU
		{BDA6E144-6DBB-45E0-9128-A3FE4D38C3A1}.Debug|x86.ActiveCfg = Debug|Any CPU
		{BDA6E144-6DBB-45E0-9128-A3FE4D38C3A1}.Debug|x86.Build.0 = Debug|Any CPU
		{BDA6E144-6DBB-45E0-9128-A3FE4D38C3A1}.Release|Any CPU.ActiveCfg = Release|Any CPU
		{BDA6E144-6DBB-45E0-9128-A3FE4D38C3A1}.Release|Any CPU.Build.0 = Release|Any CPU
		{BDA6E144-6DBB-45E0-9128-A3FE4D38C3A1}.Release|x64.ActiveCfg = Release|Any CPU
		{BDA6E144-6DBB-45E0-9128-A3FE4D38C3A1}.Release|x64.Build.0 = Release|Any CPU
		{BDA6E144-6DBB-45E0-9128-A3FE4D38C3A1}.Release|x86.ActiveCfg = Debug|Any CPU
		{BDA6E144-6DBB-45E0-9128-A3FE4D38C3A1}.Release|x86.Build.0 = Debug|Any CPU
		{C360AA58-CDA7-4154-9FF4-4EDC32140479}.Debug|Any CPU.ActiveCfg = Debug|Any CPU
		{C360AA58-CDA7-4154-9FF4-4EDC32140479}.Debug|Any CPU.Build.0 = Debug|Any CPU
		{C360AA58-CDA7-4154-9FF4-4EDC32140479}.Debug|x64.ActiveCfg = Debug|Any CPU
		{C360AA58-CDA7-4154-9FF4-4EDC32140479}.Debug|x64.Build.0 = Debug|Any CPU
		{C360AA58-CDA7-4154-9FF4-4EDC32140479}.Debug|x86.ActiveCfg = Debug|Any CPU
		{C360AA58-CDA7-4154-9FF4-4EDC32140479}.Debug|x86.Build.0 = Debug|Any CPU
		{C360AA58-CDA7-4154-9FF4-4EDC32140479}.Release|Any CPU.ActiveCfg = Release|Any CPU
		{C360AA58-CDA7-4154-9FF4-4EDC32140479}.Release|Any CPU.Build.0 = Release|Any CPU
		{C360AA58-CDA7-4154-9FF4-4EDC32140479}.Release|x64.ActiveCfg = Debug|Any CPU
		{C360AA58-CDA7-4154-9FF4-4EDC32140479}.Release|x64.Build.0 = Debug|Any CPU
		{C360AA58-CDA7-4154-9FF4-4EDC32140479}.Release|x86.ActiveCfg = Debug|Any CPU
		{C360AA58-CDA7-4154-9FF4-4EDC32140479}.Release|x86.Build.0 = Debug|Any CPU
		{37AE4ED6-7417-42A8-9935-7039C204128F}.Debug|Any CPU.ActiveCfg = Debug|Any CPU
		{37AE4ED6-7417-42A8-9935-7039C204128F}.Debug|Any CPU.Build.0 = Debug|Any CPU
		{37AE4ED6-7417-42A8-9935-7039C204128F}.Debug|x64.ActiveCfg = Debug|Any CPU
		{37AE4ED6-7417-42A8-9935-7039C204128F}.Debug|x64.Build.0 = Debug|Any CPU
		{37AE4ED6-7417-42A8-9935-7039C204128F}.Debug|x86.ActiveCfg = Debug|Any CPU
		{37AE4ED6-7417-42A8-9935-7039C204128F}.Debug|x86.Build.0 = Debug|Any CPU
		{37AE4ED6-7417-42A8-9935-7039C204128F}.Release|Any CPU.ActiveCfg = Release|Any CPU
		{37AE4ED6-7417-42A8-9935-7039C204128F}.Release|Any CPU.Build.0 = Release|Any CPU
		{37AE4ED6-7417-42A8-9935-7039C204128F}.Release|x64.ActiveCfg = Debug|Any CPU
		{37AE4ED6-7417-42A8-9935-7039C204128F}.Release|x64.Build.0 = Debug|Any CPU
		{37AE4ED6-7417-42A8-9935-7039C204128F}.Release|x86.ActiveCfg = Debug|Any CPU
		{37AE4ED6-7417-42A8-9935-7039C204128F}.Release|x86.Build.0 = Debug|Any CPU
		{9D024BEF-BDEB-4D5F-89E3-C2031AB035D7}.Debug|Any CPU.ActiveCfg = Debug|Any CPU
		{9D024BEF-BDEB-4D5F-89E3-C2031AB035D7}.Debug|Any CPU.Build.0 = Debug|Any CPU
		{9D024BEF-BDEB-4D5F-89E3-C2031AB035D7}.Debug|x64.ActiveCfg = Debug|Any CPU
		{9D024BEF-BDEB-4D5F-89E3-C2031AB035D7}.Debug|x64.Build.0 = Debug|Any CPU
		{9D024BEF-BDEB-4D5F-89E3-C2031AB035D7}.Debug|x86.ActiveCfg = Debug|Any CPU
		{9D024BEF-BDEB-4D5F-89E3-C2031AB035D7}.Debug|x86.Build.0 = Debug|Any CPU
		{9D024BEF-BDEB-4D5F-89E3-C2031AB035D7}.Release|Any CPU.ActiveCfg = Release|Any CPU
		{9D024BEF-BDEB-4D5F-89E3-C2031AB035D7}.Release|Any CPU.Build.0 = Release|Any CPU
		{9D024BEF-BDEB-4D5F-89E3-C2031AB035D7}.Release|x64.ActiveCfg = Debug|Any CPU
		{9D024BEF-BDEB-4D5F-89E3-C2031AB035D7}.Release|x64.Build.0 = Debug|Any CPU
		{9D024BEF-BDEB-4D5F-89E3-C2031AB035D7}.Release|x86.ActiveCfg = Debug|Any CPU
		{9D024BEF-BDEB-4D5F-89E3-C2031AB035D7}.Release|x86.Build.0 = Debug|Any CPU
		{F47C121D-71FE-48AB-96B3-0BE27CDC9F04}.Debug|Any CPU.ActiveCfg = Debug|Any CPU
		{F47C121D-71FE-48AB-96B3-0BE27CDC9F04}.Debug|Any CPU.Build.0 = Debug|Any CPU
		{F47C121D-71FE-48AB-96B3-0BE27CDC9F04}.Debug|x64.ActiveCfg = Debug|Any CPU
		{F47C121D-71FE-48AB-96B3-0BE27CDC9F04}.Debug|x64.Build.0 = Debug|Any CPU
		{F47C121D-71FE-48AB-96B3-0BE27CDC9F04}.Debug|x86.ActiveCfg = Debug|Any CPU
		{F47C121D-71FE-48AB-96B3-0BE27CDC9F04}.Debug|x86.Build.0 = Debug|Any CPU
		{F47C121D-71FE-48AB-96B3-0BE27CDC9F04}.Release|Any CPU.ActiveCfg = Release|Any CPU
		{F47C121D-71FE-48AB-96B3-0BE27CDC9F04}.Release|Any CPU.Build.0 = Release|Any CPU
		{F47C121D-71FE-48AB-96B3-0BE27CDC9F04}.Release|x64.ActiveCfg = Debug|Any CPU
		{F47C121D-71FE-48AB-96B3-0BE27CDC9F04}.Release|x64.Build.0 = Debug|Any CPU
		{F47C121D-71FE-48AB-96B3-0BE27CDC9F04}.Release|x86.ActiveCfg = Debug|Any CPU
		{F47C121D-71FE-48AB-96B3-0BE27CDC9F04}.Release|x86.Build.0 = Debug|Any CPU
		{A615CF5B-99ED-495F-A88D-8629DBA25083}.Debug|Any CPU.ActiveCfg = Debug|Any CPU
		{A615CF5B-99ED-495F-A88D-8629DBA25083}.Debug|Any CPU.Build.0 = Debug|Any CPU
		{A615CF5B-99ED-495F-A88D-8629DBA25083}.Debug|x64.ActiveCfg = Debug|Any CPU
		{A615CF5B-99ED-495F-A88D-8629DBA25083}.Debug|x64.Build.0 = Debug|Any CPU
		{A615CF5B-99ED-495F-A88D-8629DBA25083}.Debug|x86.ActiveCfg = Debug|Any CPU
		{A615CF5B-99ED-495F-A88D-8629DBA25083}.Debug|x86.Build.0 = Debug|Any CPU
		{A615CF5B-99ED-495F-A88D-8629DBA25083}.Release|Any CPU.ActiveCfg = Release|Any CPU
		{A615CF5B-99ED-495F-A88D-8629DBA25083}.Release|Any CPU.Build.0 = Release|Any CPU
		{A615CF5B-99ED-495F-A88D-8629DBA25083}.Release|x64.ActiveCfg = Debug|Any CPU
		{A615CF5B-99ED-495F-A88D-8629DBA25083}.Release|x64.Build.0 = Debug|Any CPU
		{A615CF5B-99ED-495F-A88D-8629DBA25083}.Release|x86.ActiveCfg = Debug|Any CPU
		{A615CF5B-99ED-495F-A88D-8629DBA25083}.Release|x86.Build.0 = Debug|Any CPU
		{4BC1EBC2-4384-4EAA-AD5B-CFAF8FE9B702}.Debug|Any CPU.ActiveCfg = Debug|Any CPU
		{4BC1EBC2-4384-4EAA-AD5B-CFAF8FE9B702}.Debug|Any CPU.Build.0 = Debug|Any CPU
		{4BC1EBC2-4384-4EAA-AD5B-CFAF8FE9B702}.Debug|x64.ActiveCfg = Debug|Any CPU
		{4BC1EBC2-4384-4EAA-AD5B-CFAF8FE9B702}.Debug|x64.Build.0 = Debug|Any CPU
		{4BC1EBC2-4384-4EAA-AD5B-CFAF8FE9B702}.Debug|x86.ActiveCfg = Debug|Any CPU
		{4BC1EBC2-4384-4EAA-AD5B-CFAF8FE9B702}.Debug|x86.Build.0 = Debug|Any CPU
		{4BC1EBC2-4384-4EAA-AD5B-CFAF8FE9B702}.Release|Any CPU.ActiveCfg = Release|Any CPU
		{4BC1EBC2-4384-4EAA-AD5B-CFAF8FE9B702}.Release|Any CPU.Build.0 = Release|Any CPU
		{4BC1EBC2-4384-4EAA-AD5B-CFAF8FE9B702}.Release|x64.ActiveCfg = Debug|Any CPU
		{4BC1EBC2-4384-4EAA-AD5B-CFAF8FE9B702}.Release|x64.Build.0 = Debug|Any CPU
		{4BC1EBC2-4384-4EAA-AD5B-CFAF8FE9B702}.Release|x86.ActiveCfg = Debug|Any CPU
		{4BC1EBC2-4384-4EAA-AD5B-CFAF8FE9B702}.Release|x86.Build.0 = Debug|Any CPU
		{4D973029-5C37-45C6-B911-C429E8089AA7}.Debug|Any CPU.ActiveCfg = Debug|Any CPU
		{4D973029-5C37-45C6-B911-C429E8089AA7}.Debug|Any CPU.Build.0 = Debug|Any CPU
		{4D973029-5C37-45C6-B911-C429E8089AA7}.Debug|x64.ActiveCfg = Debug|Any CPU
		{4D973029-5C37-45C6-B911-C429E8089AA7}.Debug|x64.Build.0 = Debug|Any CPU
		{4D973029-5C37-45C6-B911-C429E8089AA7}.Debug|x86.ActiveCfg = Debug|Any CPU
		{4D973029-5C37-45C6-B911-C429E8089AA7}.Debug|x86.Build.0 = Debug|Any CPU
		{4D973029-5C37-45C6-B911-C429E8089AA7}.Release|Any CPU.ActiveCfg = Release|Any CPU
		{4D973029-5C37-45C6-B911-C429E8089AA7}.Release|Any CPU.Build.0 = Release|Any CPU
		{4D973029-5C37-45C6-B911-C429E8089AA7}.Release|x64.ActiveCfg = Release|Any CPU
		{4D973029-5C37-45C6-B911-C429E8089AA7}.Release|x64.Build.0 = Release|Any CPU
		{4D973029-5C37-45C6-B911-C429E8089AA7}.Release|x86.ActiveCfg = Release|Any CPU
		{4D973029-5C37-45C6-B911-C429E8089AA7}.Release|x86.Build.0 = Release|Any CPU
		{92C18B02-DCE6-4BCC-8D84-0E6ED095FEF9}.Debug|Any CPU.ActiveCfg = Debug|Any CPU
		{92C18B02-DCE6-4BCC-8D84-0E6ED095FEF9}.Debug|Any CPU.Build.0 = Debug|Any CPU
		{92C18B02-DCE6-4BCC-8D84-0E6ED095FEF9}.Debug|x64.ActiveCfg = Debug|Any CPU
		{92C18B02-DCE6-4BCC-8D84-0E6ED095FEF9}.Debug|x64.Build.0 = Debug|Any CPU
		{92C18B02-DCE6-4BCC-8D84-0E6ED095FEF9}.Debug|x86.ActiveCfg = Debug|Any CPU
		{92C18B02-DCE6-4BCC-8D84-0E6ED095FEF9}.Debug|x86.Build.0 = Debug|Any CPU
		{92C18B02-DCE6-4BCC-8D84-0E6ED095FEF9}.Release|Any CPU.ActiveCfg = Release|Any CPU
		{92C18B02-DCE6-4BCC-8D84-0E6ED095FEF9}.Release|Any CPU.Build.0 = Release|Any CPU
		{92C18B02-DCE6-4BCC-8D84-0E6ED095FEF9}.Release|x64.ActiveCfg = Release|Any CPU
		{92C18B02-DCE6-4BCC-8D84-0E6ED095FEF9}.Release|x64.Build.0 = Release|Any CPU
		{92C18B02-DCE6-4BCC-8D84-0E6ED095FEF9}.Release|x86.ActiveCfg = Release|Any CPU
		{92C18B02-DCE6-4BCC-8D84-0E6ED095FEF9}.Release|x86.Build.0 = Release|Any CPU
		{C51B0B36-1D14-45B1-A54C-28D93ADF720C}.Debug|Any CPU.ActiveCfg = Debug|Any CPU
		{C51B0B36-1D14-45B1-A54C-28D93ADF720C}.Debug|Any CPU.Build.0 = Debug|Any CPU
		{C51B0B36-1D14-45B1-A54C-28D93ADF720C}.Debug|x64.ActiveCfg = Debug|Any CPU
		{C51B0B36-1D14-45B1-A54C-28D93ADF720C}.Debug|x64.Build.0 = Debug|Any CPU
		{C51B0B36-1D14-45B1-A54C-28D93ADF720C}.Debug|x86.ActiveCfg = Debug|Any CPU
		{C51B0B36-1D14-45B1-A54C-28D93ADF720C}.Debug|x86.Build.0 = Debug|Any CPU
		{C51B0B36-1D14-45B1-A54C-28D93ADF720C}.Release|Any CPU.ActiveCfg = Release|Any CPU
		{C51B0B36-1D14-45B1-A54C-28D93ADF720C}.Release|Any CPU.Build.0 = Release|Any CPU
		{C51B0B36-1D14-45B1-A54C-28D93ADF720C}.Release|x64.ActiveCfg = Release|Any CPU
		{C51B0B36-1D14-45B1-A54C-28D93ADF720C}.Release|x64.Build.0 = Release|Any CPU
		{C51B0B36-1D14-45B1-A54C-28D93ADF720C}.Release|x86.ActiveCfg = Release|Any CPU
		{C51B0B36-1D14-45B1-A54C-28D93ADF720C}.Release|x86.Build.0 = Release|Any CPU
		{D60AF72F-B9AD-476A-97E0-12C58AC3C2D4}.Debug|Any CPU.ActiveCfg = Debug|Any CPU
		{D60AF72F-B9AD-476A-97E0-12C58AC3C2D4}.Debug|Any CPU.Build.0 = Debug|Any CPU
		{D60AF72F-B9AD-476A-97E0-12C58AC3C2D4}.Debug|x64.ActiveCfg = Debug|Any CPU
		{D60AF72F-B9AD-476A-97E0-12C58AC3C2D4}.Debug|x64.Build.0 = Debug|Any CPU
		{D60AF72F-B9AD-476A-97E0-12C58AC3C2D4}.Debug|x86.ActiveCfg = Debug|Any CPU
		{D60AF72F-B9AD-476A-97E0-12C58AC3C2D4}.Debug|x86.Build.0 = Debug|Any CPU
		{D60AF72F-B9AD-476A-97E0-12C58AC3C2D4}.Release|Any CPU.ActiveCfg = Release|Any CPU
		{D60AF72F-B9AD-476A-97E0-12C58AC3C2D4}.Release|Any CPU.Build.0 = Release|Any CPU
		{D60AF72F-B9AD-476A-97E0-12C58AC3C2D4}.Release|x64.ActiveCfg = Release|Any CPU
		{D60AF72F-B9AD-476A-97E0-12C58AC3C2D4}.Release|x64.Build.0 = Release|Any CPU
		{D60AF72F-B9AD-476A-97E0-12C58AC3C2D4}.Release|x86.ActiveCfg = Release|Any CPU
		{D60AF72F-B9AD-476A-97E0-12C58AC3C2D4}.Release|x86.Build.0 = Release|Any CPU
		{866334BD-1E66-48E9-856B-91D5F2111775}.Debug|Any CPU.ActiveCfg = Debug|Any CPU
		{866334BD-1E66-48E9-856B-91D5F2111775}.Debug|Any CPU.Build.0 = Debug|Any CPU
		{866334BD-1E66-48E9-856B-91D5F2111775}.Debug|x64.ActiveCfg = Debug|Any CPU
		{866334BD-1E66-48E9-856B-91D5F2111775}.Debug|x64.Build.0 = Debug|Any CPU
		{866334BD-1E66-48E9-856B-91D5F2111775}.Debug|x86.ActiveCfg = Debug|Any CPU
		{866334BD-1E66-48E9-856B-91D5F2111775}.Debug|x86.Build.0 = Debug|Any CPU
		{866334BD-1E66-48E9-856B-91D5F2111775}.Release|Any CPU.ActiveCfg = Release|Any CPU
		{866334BD-1E66-48E9-856B-91D5F2111775}.Release|Any CPU.Build.0 = Release|Any CPU
		{866334BD-1E66-48E9-856B-91D5F2111775}.Release|x64.ActiveCfg = Release|Any CPU
		{866334BD-1E66-48E9-856B-91D5F2111775}.Release|x64.Build.0 = Release|Any CPU
		{866334BD-1E66-48E9-856B-91D5F2111775}.Release|x86.ActiveCfg = Release|Any CPU
		{866334BD-1E66-48E9-856B-91D5F2111775}.Release|x86.Build.0 = Release|Any CPU
		{9853ED68-20E1-4BBC-866A-8DD0510C6A31}.Debug|Any CPU.ActiveCfg = Debug|Any CPU
		{9853ED68-20E1-4BBC-866A-8DD0510C6A31}.Debug|Any CPU.Build.0 = Debug|Any CPU
		{9853ED68-20E1-4BBC-866A-8DD0510C6A31}.Debug|x64.ActiveCfg = Debug|Any CPU
		{9853ED68-20E1-4BBC-866A-8DD0510C6A31}.Debug|x64.Build.0 = Debug|Any CPU
		{9853ED68-20E1-4BBC-866A-8DD0510C6A31}.Debug|x86.ActiveCfg = Debug|Any CPU
		{9853ED68-20E1-4BBC-866A-8DD0510C6A31}.Debug|x86.Build.0 = Debug|Any CPU
		{9853ED68-20E1-4BBC-866A-8DD0510C6A31}.Release|Any CPU.ActiveCfg = Release|Any CPU
		{9853ED68-20E1-4BBC-866A-8DD0510C6A31}.Release|Any CPU.Build.0 = Release|Any CPU
		{9853ED68-20E1-4BBC-866A-8DD0510C6A31}.Release|x64.ActiveCfg = Release|Any CPU
		{9853ED68-20E1-4BBC-866A-8DD0510C6A31}.Release|x64.Build.0 = Release|Any CPU
		{9853ED68-20E1-4BBC-866A-8DD0510C6A31}.Release|x86.ActiveCfg = Release|Any CPU
		{9853ED68-20E1-4BBC-866A-8DD0510C6A31}.Release|x86.Build.0 = Release|Any CPU
		{22D73C8D-3C3A-4C3F-BEBF-0A03E7794A07}.Debug|Any CPU.ActiveCfg = Debug|Any CPU
		{22D73C8D-3C3A-4C3F-BEBF-0A03E7794A07}.Debug|Any CPU.Build.0 = Debug|Any CPU
		{22D73C8D-3C3A-4C3F-BEBF-0A03E7794A07}.Debug|x64.ActiveCfg = Debug|Any CPU
		{22D73C8D-3C3A-4C3F-BEBF-0A03E7794A07}.Debug|x64.Build.0 = Debug|Any CPU
		{22D73C8D-3C3A-4C3F-BEBF-0A03E7794A07}.Debug|x86.ActiveCfg = Debug|Any CPU
		{22D73C8D-3C3A-4C3F-BEBF-0A03E7794A07}.Debug|x86.Build.0 = Debug|Any CPU
		{22D73C8D-3C3A-4C3F-BEBF-0A03E7794A07}.Release|Any CPU.ActiveCfg = Release|Any CPU
		{22D73C8D-3C3A-4C3F-BEBF-0A03E7794A07}.Release|Any CPU.Build.0 = Release|Any CPU
		{22D73C8D-3C3A-4C3F-BEBF-0A03E7794A07}.Release|x64.ActiveCfg = Release|Any CPU
		{22D73C8D-3C3A-4C3F-BEBF-0A03E7794A07}.Release|x64.Build.0 = Release|Any CPU
		{22D73C8D-3C3A-4C3F-BEBF-0A03E7794A07}.Release|x86.ActiveCfg = Release|Any CPU
		{22D73C8D-3C3A-4C3F-BEBF-0A03E7794A07}.Release|x86.Build.0 = Release|Any CPU
		{0D720C22-5122-43E2-A288-6639D5FA28CC}.Debug|Any CPU.ActiveCfg = Debug|Any CPU
		{0D720C22-5122-43E2-A288-6639D5FA28CC}.Debug|Any CPU.Build.0 = Debug|Any CPU
		{0D720C22-5122-43E2-A288-6639D5FA28CC}.Debug|x64.ActiveCfg = Debug|Any CPU
		{0D720C22-5122-43E2-A288-6639D5FA28CC}.Debug|x64.Build.0 = Debug|Any CPU
		{0D720C22-5122-43E2-A288-6639D5FA28CC}.Debug|x86.ActiveCfg = Debug|Any CPU
		{0D720C22-5122-43E2-A288-6639D5FA28CC}.Debug|x86.Build.0 = Debug|Any CPU
		{0D720C22-5122-43E2-A288-6639D5FA28CC}.Release|Any CPU.ActiveCfg = Release|Any CPU
		{0D720C22-5122-43E2-A288-6639D5FA28CC}.Release|Any CPU.Build.0 = Release|Any CPU
		{0D720C22-5122-43E2-A288-6639D5FA28CC}.Release|x64.ActiveCfg = Release|Any CPU
		{0D720C22-5122-43E2-A288-6639D5FA28CC}.Release|x64.Build.0 = Release|Any CPU
		{0D720C22-5122-43E2-A288-6639D5FA28CC}.Release|x86.ActiveCfg = Release|Any CPU
		{0D720C22-5122-43E2-A288-6639D5FA28CC}.Release|x86.Build.0 = Release|Any CPU
		{75E7180C-F3CA-4C45-BA99-77FE828E86C1}.Debug|Any CPU.ActiveCfg = Debug|Any CPU
		{75E7180C-F3CA-4C45-BA99-77FE828E86C1}.Debug|Any CPU.Build.0 = Debug|Any CPU
		{75E7180C-F3CA-4C45-BA99-77FE828E86C1}.Debug|x64.ActiveCfg = Debug|Any CPU
		{75E7180C-F3CA-4C45-BA99-77FE828E86C1}.Debug|x64.Build.0 = Debug|Any CPU
		{75E7180C-F3CA-4C45-BA99-77FE828E86C1}.Debug|x86.ActiveCfg = Debug|Any CPU
		{75E7180C-F3CA-4C45-BA99-77FE828E86C1}.Debug|x86.Build.0 = Debug|Any CPU
		{75E7180C-F3CA-4C45-BA99-77FE828E86C1}.Release|Any CPU.ActiveCfg = Release|Any CPU
		{75E7180C-F3CA-4C45-BA99-77FE828E86C1}.Release|Any CPU.Build.0 = Release|Any CPU
		{75E7180C-F3CA-4C45-BA99-77FE828E86C1}.Release|x64.ActiveCfg = Release|Any CPU
		{75E7180C-F3CA-4C45-BA99-77FE828E86C1}.Release|x64.Build.0 = Release|Any CPU
		{75E7180C-F3CA-4C45-BA99-77FE828E86C1}.Release|x86.ActiveCfg = Release|Any CPU
		{75E7180C-F3CA-4C45-BA99-77FE828E86C1}.Release|x86.Build.0 = Release|Any CPU
		{67F75931-A1FC-4351-8F41-03896B2E8EBE}.Debug|Any CPU.ActiveCfg = Debug|Any CPU
		{67F75931-A1FC-4351-8F41-03896B2E8EBE}.Debug|Any CPU.Build.0 = Debug|Any CPU
		{67F75931-A1FC-4351-8F41-03896B2E8EBE}.Debug|x64.ActiveCfg = Debug|Any CPU
		{67F75931-A1FC-4351-8F41-03896B2E8EBE}.Debug|x64.Build.0 = Debug|Any CPU
		{67F75931-A1FC-4351-8F41-03896B2E8EBE}.Debug|x86.ActiveCfg = Debug|Any CPU
		{67F75931-A1FC-4351-8F41-03896B2E8EBE}.Debug|x86.Build.0 = Debug|Any CPU
		{67F75931-A1FC-4351-8F41-03896B2E8EBE}.Release|Any CPU.ActiveCfg = Release|Any CPU
		{67F75931-A1FC-4351-8F41-03896B2E8EBE}.Release|Any CPU.Build.0 = Release|Any CPU
		{67F75931-A1FC-4351-8F41-03896B2E8EBE}.Release|x64.ActiveCfg = Release|Any CPU
		{67F75931-A1FC-4351-8F41-03896B2E8EBE}.Release|x64.Build.0 = Release|Any CPU
		{67F75931-A1FC-4351-8F41-03896B2E8EBE}.Release|x86.ActiveCfg = Release|Any CPU
		{67F75931-A1FC-4351-8F41-03896B2E8EBE}.Release|x86.Build.0 = Release|Any CPU
		{47ADA479-4987-4C29-B26C-079CE501C5A8}.Debug|Any CPU.ActiveCfg = Debug|Any CPU
		{47ADA479-4987-4C29-B26C-079CE501C5A8}.Debug|Any CPU.Build.0 = Debug|Any CPU
		{47ADA479-4987-4C29-B26C-079CE501C5A8}.Debug|x64.ActiveCfg = Debug|Any CPU
		{47ADA479-4987-4C29-B26C-079CE501C5A8}.Debug|x64.Build.0 = Debug|Any CPU
		{47ADA479-4987-4C29-B26C-079CE501C5A8}.Debug|x86.ActiveCfg = Debug|Any CPU
		{47ADA479-4987-4C29-B26C-079CE501C5A8}.Debug|x86.Build.0 = Debug|Any CPU
		{47ADA479-4987-4C29-B26C-079CE501C5A8}.Release|Any CPU.ActiveCfg = Release|Any CPU
		{47ADA479-4987-4C29-B26C-079CE501C5A8}.Release|Any CPU.Build.0 = Release|Any CPU
		{47ADA479-4987-4C29-B26C-079CE501C5A8}.Release|x64.ActiveCfg = Release|Any CPU
		{47ADA479-4987-4C29-B26C-079CE501C5A8}.Release|x64.Build.0 = Release|Any CPU
		{47ADA479-4987-4C29-B26C-079CE501C5A8}.Release|x86.ActiveCfg = Release|Any CPU
		{47ADA479-4987-4C29-B26C-079CE501C5A8}.Release|x86.Build.0 = Release|Any CPU
		{F5916AAC-4090-4684-9867-4C63CE4484A1}.Debug|Any CPU.ActiveCfg = Debug|Any CPU
		{F5916AAC-4090-4684-9867-4C63CE4484A1}.Debug|Any CPU.Build.0 = Debug|Any CPU
		{F5916AAC-4090-4684-9867-4C63CE4484A1}.Debug|x64.ActiveCfg = Debug|Any CPU
		{F5916AAC-4090-4684-9867-4C63CE4484A1}.Debug|x64.Build.0 = Debug|Any CPU
		{F5916AAC-4090-4684-9867-4C63CE4484A1}.Debug|x86.ActiveCfg = Debug|Any CPU
		{F5916AAC-4090-4684-9867-4C63CE4484A1}.Debug|x86.Build.0 = Debug|Any CPU
		{F5916AAC-4090-4684-9867-4C63CE4484A1}.Release|Any CPU.ActiveCfg = Release|Any CPU
		{F5916AAC-4090-4684-9867-4C63CE4484A1}.Release|Any CPU.Build.0 = Release|Any CPU
		{F5916AAC-4090-4684-9867-4C63CE4484A1}.Release|x64.ActiveCfg = Release|Any CPU
		{F5916AAC-4090-4684-9867-4C63CE4484A1}.Release|x64.Build.0 = Release|Any CPU
		{F5916AAC-4090-4684-9867-4C63CE4484A1}.Release|x86.ActiveCfg = Release|Any CPU
		{F5916AAC-4090-4684-9867-4C63CE4484A1}.Release|x86.Build.0 = Release|Any CPU
		{AE95BAE5-CE84-4B3E-A120-62A5A4220A63}.Debug|Any CPU.ActiveCfg = Debug|Any CPU
		{AE95BAE5-CE84-4B3E-A120-62A5A4220A63}.Debug|Any CPU.Build.0 = Debug|Any CPU
		{AE95BAE5-CE84-4B3E-A120-62A5A4220A63}.Debug|x64.ActiveCfg = Debug|Any CPU
		{AE95BAE5-CE84-4B3E-A120-62A5A4220A63}.Debug|x64.Build.0 = Debug|Any CPU
		{AE95BAE5-CE84-4B3E-A120-62A5A4220A63}.Debug|x86.ActiveCfg = Debug|Any CPU
		{AE95BAE5-CE84-4B3E-A120-62A5A4220A63}.Debug|x86.Build.0 = Debug|Any CPU
		{AE95BAE5-CE84-4B3E-A120-62A5A4220A63}.Release|Any CPU.ActiveCfg = Release|Any CPU
		{AE95BAE5-CE84-4B3E-A120-62A5A4220A63}.Release|Any CPU.Build.0 = Release|Any CPU
		{AE95BAE5-CE84-4B3E-A120-62A5A4220A63}.Release|x64.ActiveCfg = Release|Any CPU
		{AE95BAE5-CE84-4B3E-A120-62A5A4220A63}.Release|x64.Build.0 = Release|Any CPU
		{AE95BAE5-CE84-4B3E-A120-62A5A4220A63}.Release|x86.ActiveCfg = Release|Any CPU
		{AE95BAE5-CE84-4B3E-A120-62A5A4220A63}.Release|x86.Build.0 = Release|Any CPU
		{2B06EC68-0DF5-4357-B2A5-0A61AEB32285}.Debug|Any CPU.ActiveCfg = Debug|Any CPU
		{2B06EC68-0DF5-4357-B2A5-0A61AEB32285}.Debug|Any CPU.Build.0 = Debug|Any CPU
		{2B06EC68-0DF5-4357-B2A5-0A61AEB32285}.Debug|x64.ActiveCfg = Debug|Any CPU
		{2B06EC68-0DF5-4357-B2A5-0A61AEB32285}.Debug|x64.Build.0 = Debug|Any CPU
		{2B06EC68-0DF5-4357-B2A5-0A61AEB32285}.Debug|x86.ActiveCfg = Debug|Any CPU
		{2B06EC68-0DF5-4357-B2A5-0A61AEB32285}.Debug|x86.Build.0 = Debug|Any CPU
		{2B06EC68-0DF5-4357-B2A5-0A61AEB32285}.Release|Any CPU.ActiveCfg = Release|Any CPU
		{2B06EC68-0DF5-4357-B2A5-0A61AEB32285}.Release|Any CPU.Build.0 = Release|Any CPU
		{2B06EC68-0DF5-4357-B2A5-0A61AEB32285}.Release|x64.ActiveCfg = Release|Any CPU
		{2B06EC68-0DF5-4357-B2A5-0A61AEB32285}.Release|x64.Build.0 = Release|Any CPU
		{2B06EC68-0DF5-4357-B2A5-0A61AEB32285}.Release|x86.ActiveCfg = Release|Any CPU
		{2B06EC68-0DF5-4357-B2A5-0A61AEB32285}.Release|x86.Build.0 = Release|Any CPU
		{73AE65D0-F900-4250-BA90-5149D4CEB79B}.Debug|Any CPU.ActiveCfg = Debug|Any CPU
		{73AE65D0-F900-4250-BA90-5149D4CEB79B}.Debug|Any CPU.Build.0 = Debug|Any CPU
		{73AE65D0-F900-4250-BA90-5149D4CEB79B}.Debug|x64.ActiveCfg = Debug|Any CPU
		{73AE65D0-F900-4250-BA90-5149D4CEB79B}.Debug|x64.Build.0 = Debug|Any CPU
		{73AE65D0-F900-4250-BA90-5149D4CEB79B}.Debug|x86.ActiveCfg = Debug|Any CPU
		{73AE65D0-F900-4250-BA90-5149D4CEB79B}.Debug|x86.Build.0 = Debug|Any CPU
		{73AE65D0-F900-4250-BA90-5149D4CEB79B}.Release|Any CPU.ActiveCfg = Release|Any CPU
		{73AE65D0-F900-4250-BA90-5149D4CEB79B}.Release|Any CPU.Build.0 = Release|Any CPU
		{73AE65D0-F900-4250-BA90-5149D4CEB79B}.Release|x64.ActiveCfg = Release|Any CPU
		{73AE65D0-F900-4250-BA90-5149D4CEB79B}.Release|x64.Build.0 = Release|Any CPU
		{73AE65D0-F900-4250-BA90-5149D4CEB79B}.Release|x86.ActiveCfg = Release|Any CPU
		{73AE65D0-F900-4250-BA90-5149D4CEB79B}.Release|x86.Build.0 = Release|Any CPU
		{D85C1000-1105-4C4C-9A3A-82846B5AC68C}.Debug|Any CPU.ActiveCfg = Debug|Any CPU
		{D85C1000-1105-4C4C-9A3A-82846B5AC68C}.Debug|Any CPU.Build.0 = Debug|Any CPU
		{D85C1000-1105-4C4C-9A3A-82846B5AC68C}.Debug|x64.ActiveCfg = Debug|Any CPU
		{D85C1000-1105-4C4C-9A3A-82846B5AC68C}.Debug|x64.Build.0 = Debug|Any CPU
		{D85C1000-1105-4C4C-9A3A-82846B5AC68C}.Debug|x86.ActiveCfg = Debug|Any CPU
		{D85C1000-1105-4C4C-9A3A-82846B5AC68C}.Debug|x86.Build.0 = Debug|Any CPU
		{D85C1000-1105-4C4C-9A3A-82846B5AC68C}.Release|Any CPU.ActiveCfg = Release|Any CPU
		{D85C1000-1105-4C4C-9A3A-82846B5AC68C}.Release|Any CPU.Build.0 = Release|Any CPU
		{D85C1000-1105-4C4C-9A3A-82846B5AC68C}.Release|x64.ActiveCfg = Release|Any CPU
		{D85C1000-1105-4C4C-9A3A-82846B5AC68C}.Release|x64.Build.0 = Release|Any CPU
		{D85C1000-1105-4C4C-9A3A-82846B5AC68C}.Release|x86.ActiveCfg = Release|Any CPU
		{D85C1000-1105-4C4C-9A3A-82846B5AC68C}.Release|x86.Build.0 = Release|Any CPU
	EndGlobalSection
	GlobalSection(SolutionProperties) = preSolution
		HideSolutionNode = FALSE
	EndGlobalSection
	GlobalSection(NestedProjects) = preSolution
		{E0B08104-7A29-68BA-1477-3613FB121768} = {827E0CD3-B72D-47B6-A68D-7590B98EB39B}
		{D3C24AE9-2525-4E47-9A7A-047D6BA14CA0} = {E0B08104-7A29-68BA-1477-3613FB121768}
		{BDA6E144-6DBB-45E0-9128-A3FE4D38C3A1} = {E0B08104-7A29-68BA-1477-3613FB121768}
		{C360AA58-CDA7-4154-9FF4-4EDC32140479} = {E0B08104-7A29-68BA-1477-3613FB121768}
		{37AE4ED6-7417-42A8-9935-7039C204128F} = {6DA411B4-8507-4C34-B5F2-EB79DE717705}
		{9D024BEF-BDEB-4D5F-89E3-C2031AB035D7} = {6DA411B4-8507-4C34-B5F2-EB79DE717705}
		{F47C121D-71FE-48AB-96B3-0BE27CDC9F04} = {6DA411B4-8507-4C34-B5F2-EB79DE717705}
		{668ECFE5-6F8B-0031-5C1B-AC6218541994} = {6DA411B4-8507-4C34-B5F2-EB79DE717705}
		{A615CF5B-99ED-495F-A88D-8629DBA25083} = {668ECFE5-6F8B-0031-5C1B-AC6218541994}
		{CEA09484-30F6-4D44-02F6-822E06DBC57C} = {827E0CD3-B72D-47B6-A68D-7590B98EB39B}
		{1D9DCB64-1E65-5019-58F0-671C6F0E32C7} = {CEA09484-30F6-4D44-02F6-822E06DBC57C}
		{4BC1EBC2-4384-4EAA-AD5B-CFAF8FE9B702} = {1D9DCB64-1E65-5019-58F0-671C6F0E32C7}
		{4D973029-5C37-45C6-B911-C429E8089AA7} = {6DA411B4-8507-4C34-B5F2-EB79DE717705}
		{92C18B02-DCE6-4BCC-8D84-0E6ED095FEF9} = {827E0CD3-B72D-47B6-A68D-7590B98EB39B}
		{C51B0B36-1D14-45B1-A54C-28D93ADF720C} = {827E0CD3-B72D-47B6-A68D-7590B98EB39B}
		{D60AF72F-B9AD-476A-97E0-12C58AC3C2D4} = {6DA411B4-8507-4C34-B5F2-EB79DE717705}
		{866334BD-1E66-48E9-856B-91D5F2111775} = {827E0CD3-B72D-47B6-A68D-7590B98EB39B}
		{9853ED68-20E1-4BBC-866A-8DD0510C6A31} = {827E0CD3-B72D-47B6-A68D-7590B98EB39B}
		{22D73C8D-3C3A-4C3F-BEBF-0A03E7794A07} = {827E0CD3-B72D-47B6-A68D-7590B98EB39B}
		{0D720C22-5122-43E2-A288-6639D5FA28CC} = {827E0CD3-B72D-47B6-A68D-7590B98EB39B}
		{75E7180C-F3CA-4C45-BA99-77FE828E86C1} = {827E0CD3-B72D-47B6-A68D-7590B98EB39B}
		{67F75931-A1FC-4351-8F41-03896B2E8EBE} = {827E0CD3-B72D-47B6-A68D-7590B98EB39B}
		{47ADA479-4987-4C29-B26C-079CE501C5A8} = {827E0CD3-B72D-47B6-A68D-7590B98EB39B}
		{F5916AAC-4090-4684-9867-4C63CE4484A1} = {827E0CD3-B72D-47B6-A68D-7590B98EB39B}
		{AE95BAE5-CE84-4B3E-A120-62A5A4220A63} = {827E0CD3-B72D-47B6-A68D-7590B98EB39B}
		{2B06EC68-0DF5-4357-B2A5-0A61AEB32285} = {827E0CD3-B72D-47B6-A68D-7590B98EB39B}
		{73AE65D0-F900-4250-BA90-5149D4CEB79B} = {827E0CD3-B72D-47B6-A68D-7590B98EB39B}
		{D85C1000-1105-4C4C-9A3A-82846B5AC68C} = {827E0CD3-B72D-47B6-A68D-7590B98EB39B}
	EndGlobalSection
EndGlobal
