
Microsoft Visual Studio Solution File, Format Version 12.00
# Visual Studio Version 17
VisualStudioVersion = 17.0.31903.59
MinimumVisualStudioVersion = 10.0.40219.1
Project("{2150E333-8FDC-42A3-9474-1A3956D46DE8}") = "src", "src", "{827E0CD3-B72D-47B6-A68D-7590B98EB39B}"
EndProject
Project("{FAE04EC0-301F-11D3-BF4B-00C04F79EFBC}") = "Synaxis.Api", "src\Synaxis.Api\Synaxis.Api.csproj", "{FCEEB5EF-F896-4654-85B3-E7F9DDD84B2A}"
EndProject
Project("{FAE04EC0-301F-11D3-BF4B-00C04F79EFBC}") = "Synaxis.Core", "src\Synaxis.Core\Synaxis.Core.csproj", "{132615C3-5E43-4B7C-81C6-F49E63517ADC}"
EndProject
Project("{FAE04EC0-301F-11D3-BF4B-00C04F79EFBC}") = "Synaxis.Infrastructure", "src\Synaxis.Infrastructure\Synaxis.Infrastructure.csproj", "{9561856C-76DD-4D16-B5D7-E6BB104F3238}"
EndProject
Project("{2150E333-8FDC-42A3-9474-1A3956D46DE8}") = "tests", "tests", "{0AB3BF05-4346-4AA6-1389-037BE0695223}"
EndProject
Project("{FAE04EC0-301F-11D3-BF4B-00C04F79EFBC}") = "Synaxis.Tests", "tests\Synaxis.Tests\Synaxis.Tests.csproj", "{A8908183-F662-4EC4-AFEF-948A98CA167B}"
EndProject
Project("{2150E333-8FDC-42A3-9474-1A3956D46DE8}") = "Common", "Common", "{E20385C6-4CD7-5BF4-C007-71E5EE00BC8D}"
EndProject
Project("{FAE04EC0-301F-11D3-BF4B-00C04F79EFBC}") = "Synaxis.Common.Tests", "tests\Common\Synaxis.Common.Tests.csproj", "{D14DEAFE-92F2-42F8-9A81-40DC05F9DA74}"
EndProject
Global
	GlobalSection(SolutionConfigurationPlatforms) = preSolution
		Debug|Any CPU = Debug|Any CPU
		Debug|x64 = Debug|x64
		Debug|x86 = Debug|x86
		Release|Any CPU = Release|Any CPU
		Release|x64 = Release|x64
		Release|x86 = Release|x86
	EndGlobalSection
	GlobalSection(ProjectConfigurationPlatforms) = postSolution
		{FCEEB5EF-F896-4654-85B3-E7F9DDD84B2A}.Debug|Any CPU.ActiveCfg = Debug|Any CPU
		{FCEEB5EF-F896-4654-85B3-E7F9DDD84B2A}.Debug|Any CPU.Build.0 = Debug|Any CPU
		{FCEEB5EF-F896-4654-85B3-E7F9DDD84B2A}.Debug|x64.ActiveCfg = Debug|Any CPU
		{FCEEB5EF-F896-4654-85B3-E7F9DDD84B2A}.Debug|x64.Build.0 = Debug|Any CPU
		{FCEEB5EF-F896-4654-85B3-E7F9DDD84B2A}.Debug|x86.ActiveCfg = Debug|Any CPU
		{FCEEB5EF-F896-4654-85B3-E7F9DDD84B2A}.Debug|x86.Build.0 = Debug|Any CPU
		{FCEEB5EF-F896-4654-85B3-E7F9DDD84B2A}.Release|Any CPU.ActiveCfg = Release|Any CPU
		{FCEEB5EF-F896-4654-85B3-E7F9DDD84B2A}.Release|Any CPU.Build.0 = Release|Any CPU
		{FCEEB5EF-F896-4654-85B3-E7F9DDD84B2A}.Release|x64.ActiveCfg = Release|Any CPU
		{FCEEB5EF-F896-4654-85B3-E7F9DDD84B2A}.Release|x64.Build.0 = Release|Any CPU
		{FCEEB5EF-F896-4654-85B3-E7F9DDD84B2A}.Release|x86.ActiveCfg = Release|Any CPU
		{FCEEB5EF-F896-4654-85B3-E7F9DDD84B2A}.Release|x86.Build.0 = Release|Any CPU
		{132615C3-5E43-4B7C-81C6-F49E63517ADC}.Debug|Any CPU.ActiveCfg = Debug|Any CPU
		{132615C3-5E43-4B7C-81C6-F49E63517ADC}.Debug|Any CPU.Build.0 = Debug|Any CPU
		{132615C3-5E43-4B7C-81C6-F49E63517ADC}.Debug|x64.ActiveCfg = Debug|Any CPU
		{132615C3-5E43-4B7C-81C6-F49E63517ADC}.Debug|x64.Build.0 = Debug|Any CPU
		{132615C3-5E43-4B7C-81C6-F49E63517ADC}.Debug|x86.ActiveCfg = Debug|Any CPU
		{132615C3-5E43-4B7C-81C6-F49E63517ADC}.Debug|x86.Build.0 = Debug|Any CPU
		{132615C3-5E43-4B7C-81C6-F49E63517ADC}.Release|Any CPU.ActiveCfg = Release|Any CPU
		{132615C3-5E43-4B7C-81C6-F49E63517ADC}.Release|Any CPU.Build.0 = Release|Any CPU
		{132615C3-5E43-4B7C-81C6-F49E63517ADC}.Release|x64.ActiveCfg = Release|Any CPU
		{132615C3-5E43-4B7C-81C6-F49E63517ADC}.Release|x64.Build.0 = Release|Any CPU
		{132615C3-5E43-4B7C-81C6-F49E63517ADC}.Release|x86.ActiveCfg = Release|Any CPU
		{132615C3-5E43-4B7C-81C6-F49E63517ADC}.Release|x86.Build.0 = Release|Any CPU
		{9561856C-76DD-4D16-B5D7-E6BB104F3238}.Debug|Any CPU.ActiveCfg = Debug|Any CPU
		{9561856C-76DD-4D16-B5D7-E6BB104F3238}.Debug|Any CPU.Build.0 = Debug|Any CPU
		{9561856C-76DD-4D16-B5D7-E6BB104F3238}.Debug|x64.ActiveCfg = Debug|Any CPU
		{9561856C-76DD-4D16-B5D7-E6BB104F3238}.Debug|x64.Build.0 = Debug|Any CPU
		{9561856C-76DD-4D16-B5D7-E6BB104F3238}.Debug|x86.ActiveCfg = Debug|Any CPU
		{9561856C-76DD-4D16-B5D7-E6BB104F3238}.Debug|x86.Build.0 = Debug|Any CPU
		{9561856C-76DD-4D16-B5D7-E6BB104F3238}.Release|Any CPU.ActiveCfg = Release|Any CPU
		{9561856C-76DD-4D16-B5D7-E6BB104F3238}.Release|Any CPU.Build.0 = Release|Any CPU
		{9561856C-76DD-4D16-B5D7-E6BB104F3238}.Release|x64.ActiveCfg = Release|Any CPU
		{9561856C-76DD-4D16-B5D7-E6BB104F3238}.Release|x64.Build.0 = Release|Any CPU
		{9561856C-76DD-4D16-B5D7-E6BB104F3238}.Release|x86.ActiveCfg = Release|Any CPU
		{9561856C-76DD-4D16-B5D7-E6BB104F3238}.Release|x86.Build.0 = Release|Any CPU
		{A8908183-F662-4EC4-AFEF-948A98CA167B}.Debug|Any CPU.ActiveCfg = Debug|Any CPU
		{A8908183-F662-4EC4-AFEF-948A98CA167B}.Debug|Any CPU.Build.0 = Debug|Any CPU
		{A8908183-F662-4EC4-AFEF-948A98CA167B}.Debug|x64.ActiveCfg = Debug|Any CPU
		{A8908183-F662-4EC4-AFEF-948A98CA167B}.Debug|x64.Build.0 = Debug|Any CPU
		{A8908183-F662-4EC4-AFEF-948A98CA167B}.Debug|x86.ActiveCfg = Debug|Any CPU
		{A8908183-F662-4EC4-AFEF-948A98CA167B}.Debug|x86.Build.0 = Debug|Any CPU
		{A8908183-F662-4EC4-AFEF-948A98CA167B}.Release|Any CPU.ActiveCfg = Release|Any CPU
		{A8908183-F662-4EC4-AFEF-948A98CA167B}.Release|Any CPU.Build.0 = Release|Any CPU
		{A8908183-F662-4EC4-AFEF-948A98CA167B}.Release|x64.ActiveCfg = Release|Any CPU
		{A8908183-F662-4EC4-AFEF-948A98CA167B}.Release|x64.Build.0 = Release|Any CPU
		{A8908183-F662-4EC4-AFEF-948A98CA167B}.Release|x86.ActiveCfg = Release|Any CPU
		{A8908183-F662-4EC4-AFEF-948A98CA167B}.Release|x86.Build.0 = Release|Any CPU
		{D14DEAFE-92F2-42F8-9A81-40DC05F9DA74}.Debug|Any CPU.ActiveCfg = Debug|Any CPU
		{D14DEAFE-92F2-42F8-9A81-40DC05F9DA74}.Debug|Any CPU.Build.0 = Debug|Any CPU
		{D14DEAFE-92F2-42F8-9A81-40DC05F9DA74}.Debug|x64.ActiveCfg = Debug|Any CPU
		{D14DEAFE-92F2-42F8-9A81-40DC05F9DA74}.Debug|x64.Build.0 = Debug|Any CPU
		{D14DEAFE-92F2-42F8-9A81-40DC05F9DA74}.Debug|x86.ActiveCfg = Debug|Any CPU
		{D14DEAFE-92F2-42F8-9A81-40DC05F9DA74}.Debug|x86.Build.0 = Debug|Any CPU
		{D14DEAFE-92F2-42F8-9A81-40DC05F9DA74}.Release|Any CPU.ActiveCfg = Release|Any CPU
		{D14DEAFE-92F2-42F8-9A81-40DC05F9DA74}.Release|Any CPU.Build.0 = Release|Any CPU
		{D14DEAFE-92F2-42F8-9A81-40DC05F9DA74}.Release|x64.ActiveCfg = Release|Any CPU
		{D14DEAFE-92F2-42F8-9A81-40DC05F9DA74}.Release|x64.Build.0 = Release|Any CPU
		{D14DEAFE-92F2-42F8-9A81-40DC05F9DA74}.Release|x86.ActiveCfg = Release|Any CPU
		{D14DEAFE-92F2-42F8-9A81-40DC05F9DA74}.Release|x86.Build.0 = Release|Any CPU
	EndGlobalSection
	GlobalSection(SolutionProperties) = preSolution
		HideSolutionNode = FALSE
	EndGlobalSection
	GlobalSection(NestedProjects) = preSolution
		{FCEEB5EF-F896-4654-85B3-E7F9DDD84B2A} = {827E0CD3-B72D-47B6-A68D-7590B98EB39B}
		{132615C3-5E43-4B7C-81C6-F49E63517ADC} = {827E0CD3-B72D-47B6-A68D-7590B98EB39B}
		{9561856C-76DD-4D16-B5D7-E6BB104F3238} = {827E0CD3-B72D-47B6-A68D-7590B98EB39B}
		{A8908183-F662-4EC4-AFEF-948A98CA167B} = {0AB3BF05-4346-4AA6-1389-037BE0695223}
		{E20385C6-4CD7-5BF4-C007-71E5EE00BC8D} = {0AB3BF05-4346-4AA6-1389-037BE0695223}
		{D14DEAFE-92F2-42F8-9A81-40DC05F9DA74} = {E20385C6-4CD7-5BF4-C007-71E5EE00BC8D}
	EndGlobalSection
EndGlobal
