
Microsoft Visual Studio Solution File, Format Version 12.00
# Visual Studio Version 17
VisualStudioVersion = 17.0.31903.59
MinimumVisualStudioVersion = 10.0.40219.1
Project("{2150E333-8FDC-42A3-9474-1A3956D46DE8}") = "src", "src", "{827E0CD3-B72D-47B6-A68D-7590B98EB39B}"
EndProject
Project("{FAE04EC0-301F-11D3-BF4B-00C04F79EFBC}") = "Synaxis.Infrastructure", "src\Synaxis.Infrastructure\Synaxis.Infrastructure.csproj", "{69441A1E-975C-4232-8163-7ACB69D62B92}"
EndProject
Project("{FAE04EC0-301F-11D3-BF4B-00C04F79EFBC}") = "Synaxis.Application", "src\Synaxis.Application\Synaxis.Application.csproj", "{1F59AAF7-1912-4F82-ADAD-56A24C560CFC}"
EndProject
Project("{FAE04EC0-301F-11D3-BF4B-00C04F79EFBC}") = "Synaxis.Api", "src\Synaxis.Api\Synaxis.Api.csproj", "{6AB932C2-24A2-4C29-8B33-5887E94ACF7A}"
EndProject
Project("{2150E333-8FDC-42A3-9474-1A3956D46DE8}") = "tests", "tests", "{0AB3BF05-4346-4AA6-1389-037BE0695223}"
EndProject
Project("{FAE04EC0-301F-11D3-BF4B-00C04F79EFBC}") = "Synaxis.Infrastructure.Tests", "tests\Synaxis.Infrastructure.Tests\Synaxis.Infrastructure.Tests.csproj", "{5FC38554-6D54-4F77-80B8-03E95F28C791}"
EndProject
Project("{FAE04EC0-301F-11D3-BF4B-00C04F79EFBC}") = "Synaxis.Application.Tests", "tests\Synaxis.Application.Tests\Synaxis.Application.Tests.csproj", "{57A30BE9-3C24-4A24-B736-3DAF26D486FF}"
EndProject
Project("{FAE04EC0-301F-11D3-BF4B-00C04F79EFBC}") = "Synaxis.TestCommon", "tests\Synaxis.TestCommon\Synaxis.TestCommon.csproj", "{BA94C4E0-5F98-4278-9863-E7046587FC7B}"
EndProject
Project("{FAE04EC0-301F-11D3-BF4B-00C04F79EFBC}") = "Synaxis.IntegrationTests", "tests\Synaxis.IntegrationTests\Synaxis.IntegrationTests.csproj", "{4E76DEC9-AC69-496E-BDF8-5699E2F99584}"
EndProject
Global
	GlobalSection(SolutionConfigurationPlatforms) = preSolution
		Debug|Any CPU = Debug|Any CPU
		Debug|x64 = Debug|x64
		Debug|x86 = Debug|x86
		Release|Any CPU = Release|Any CPU
		Release|x64 = Release|x64
		Release|x86 = Release|x86
	EndGlobalSection
	GlobalSection(ProjectConfigurationPlatforms) = postSolution
		{69441A1E-975C-4232-8163-7ACB69D62B92}.Debug|Any CPU.ActiveCfg = Debug|Any CPU
		{69441A1E-975C-4232-8163-7ACB69D62B92}.Debug|Any CPU.Build.0 = Debug|Any CPU
		{69441A1E-975C-4232-8163-7ACB69D62B92}.Debug|x64.ActiveCfg = Debug|Any CPU
		{69441A1E-975C-4232-8163-7ACB69D62B92}.Debug|x64.Build.0 = Debug|Any CPU
		{69441A1E-975C-4232-8163-7ACB69D62B92}.Debug|x86.ActiveCfg = Debug|Any CPU
		{69441A1E-975C-4232-8163-7ACB69D62B92}.Debug|x86.Build.0 = Debug|Any CPU
		{69441A1E-975C-4232-8163-7ACB69D62B92}.Release|Any CPU.ActiveCfg = Release|Any CPU
		{69441A1E-975C-4232-8163-7ACB69D62B92}.Release|Any CPU.Build.0 = Release|Any CPU
		{69441A1E-975C-4232-8163-7ACB69D62B92}.Release|x64.ActiveCfg = Release|Any CPU
		{69441A1E-975C-4232-8163-7ACB69D62B92}.Release|x64.Build.0 = Release|Any CPU
		{69441A1E-975C-4232-8163-7ACB69D62B92}.Release|x86.ActiveCfg = Release|Any CPU
		{69441A1E-975C-4232-8163-7ACB69D62B92}.Release|x86.Build.0 = Release|Any CPU
		{1F59AAF7-1912-4F82-ADAD-56A24C560CFC}.Debug|Any CPU.ActiveCfg = Debug|Any CPU
		{1F59AAF7-1912-4F82-ADAD-56A24C560CFC}.Debug|Any CPU.Build.0 = Debug|Any CPU
		{1F59AAF7-1912-4F82-ADAD-56A24C560CFC}.Debug|x64.ActiveCfg = Debug|Any CPU
		{1F59AAF7-1912-4F82-ADAD-56A24C560CFC}.Debug|x64.Build.0 = Debug|Any CPU
		{1F59AAF7-1912-4F82-ADAD-56A24C560CFC}.Debug|x86.ActiveCfg = Debug|Any CPU
		{1F59AAF7-1912-4F82-ADAD-56A24C560CFC}.Debug|x86.Build.0 = Debug|Any CPU
		{1F59AAF7-1912-4F82-ADAD-56A24C560CFC}.Release|Any CPU.ActiveCfg = Release|Any CPU
		{1F59AAF7-1912-4F82-ADAD-56A24C560CFC}.Release|Any CPU.Build.0 = Release|Any CPU
		{1F59AAF7-1912-4F82-ADAD-56A24C560CFC}.Release|x64.ActiveCfg = Release|Any CPU
		{1F59AAF7-1912-4F82-ADAD-56A24C560CFC}.Release|x64.Build.0 = Release|Any CPU
		{1F59AAF7-1912-4F82-ADAD-56A24C560CFC}.Release|x86.ActiveCfg = Release|Any CPU
		{1F59AAF7-1912-4F82-ADAD-56A24C560CFC}.Release|x86.Build.0 = Release|Any CPU
		{6AB932C2-24A2-4C29-8B33-5887E94ACF7A}.Debug|Any CPU.ActiveCfg = Debug|Any CPU
		{6AB932C2-24A2-4C29-8B33-5887E94ACF7A}.Debug|Any CPU.Build.0 = Debug|Any CPU
		{6AB932C2-24A2-4C29-8B33-5887E94ACF7A}.Debug|x64.ActiveCfg = Debug|Any CPU
		{6AB932C2-24A2-4C29-8B33-5887E94ACF7A}.Debug|x64.Build.0 = Debug|Any CPU
		{6AB932C2-24A2-4C29-8B33-5887E94ACF7A}.Debug|x86.ActiveCfg = Debug|Any CPU
		{6AB932C2-24A2-4C29-8B33-5887E94ACF7A}.Debug|x86.Build.0 = Debug|Any CPU
		{6AB932C2-24A2-4C29-8B33-5887E94ACF7A}.Release|Any CPU.ActiveCfg = Release|Any CPU
		{6AB932C2-24A2-4C29-8B33-5887E94ACF7A}.Release|Any CPU.Build.0 = Release|Any CPU
		{6AB932C2-24A2-4C29-8B33-5887E94ACF7A}.Release|x64.ActiveCfg = Release|Any CPU
		{6AB932C2-24A2-4C29-8B33-5887E94ACF7A}.Release|x64.Build.0 = Release|Any CPU
		{6AB932C2-24A2-4C29-8B33-5887E94ACF7A}.Release|x86.ActiveCfg = Release|Any CPU
		{6AB932C2-24A2-4C29-8B33-5887E94ACF7A}.Release|x86.Build.0 = Release|Any CPU
		{5FC38554-6D54-4F77-80B8-03E95F28C791}.Debug|Any CPU.ActiveCfg = Debug|Any CPU
		{5FC38554-6D54-4F77-80B8-03E95F28C791}.Debug|Any CPU.Build.0 = Debug|Any CPU
		{5FC38554-6D54-4F77-80B8-03E95F28C791}.Debug|x64.ActiveCfg = Debug|Any CPU
		{5FC38554-6D54-4F77-80B8-03E95F28C791}.Debug|x64.Build.0 = Debug|Any CPU
		{5FC38554-6D54-4F77-80B8-03E95F28C791}.Debug|x86.ActiveCfg = Debug|Any CPU
		{5FC38554-6D54-4F77-80B8-03E95F28C791}.Debug|x86.Build.0 = Debug|Any CPU
		{5FC38554-6D54-4F77-80B8-03E95F28C791}.Release|Any CPU.ActiveCfg = Release|Any CPU
		{5FC38554-6D54-4F77-80B8-03E95F28C791}.Release|Any CPU.Build.0 = Release|Any CPU
		{5FC38554-6D54-4F77-80B8-03E95F28C791}.Release|x64.ActiveCfg = Release|Any CPU
		{5FC38554-6D54-4F77-80B8-03E95F28C791}.Release|x64.Build.0 = Release|Any CPU
		{5FC38554-6D54-4F77-80B8-03E95F28C791}.Release|x86.ActiveCfg = Release|Any CPU
		{5FC38554-6D54-4F77-80B8-03E95F28C791}.Release|x86.Build.0 = Release|Any CPU
		{57A30BE9-3C24-4A24-B736-3DAF26D486FF}.Debug|Any CPU.ActiveCfg = Debug|Any CPU
		{57A30BE9-3C24-4A24-B736-3DAF26D486FF}.Debug|Any CPU.Build.0 = Debug|Any CPU
		{57A30BE9-3C24-4A24-B736-3DAF26D486FF}.Debug|x64.ActiveCfg = Debug|Any CPU
		{57A30BE9-3C24-4A24-B736-3DAF26D486FF}.Debug|x64.Build.0 = Debug|Any CPU
		{57A30BE9-3C24-4A24-B736-3DAF26D486FF}.Debug|x86.ActiveCfg = Debug|Any CPU
		{57A30BE9-3C24-4A24-B736-3DAF26D486FF}.Debug|x86.Build.0 = Debug|Any CPU
		{57A30BE9-3C24-4A24-B736-3DAF26D486FF}.Release|Any CPU.ActiveCfg = Release|Any CPU
		{57A30BE9-3C24-4A24-B736-3DAF26D486FF}.Release|Any CPU.Build.0 = Release|Any CPU
		{57A30BE9-3C24-4A24-B736-3DAF26D486FF}.Release|x64.ActiveCfg = Release|Any CPU
		{57A30BE9-3C24-4A24-B736-3DAF26D486FF}.Release|x64.Build.0 = Release|Any CPU
		{57A30BE9-3C24-4A24-B736-3DAF26D486FF}.Release|x86.ActiveCfg = Release|Any CPU
		{57A30BE9-3C24-4A24-B736-3DAF26D486FF}.Release|x86.Build.0 = Release|Any CPU
		{BA94C4E0-5F98-4278-9863-E7046587FC7B}.Debug|Any CPU.ActiveCfg = Debug|Any CPU
		{BA94C4E0-5F98-4278-9863-E7046587FC7B}.Debug|Any CPU.Build.0 = Debug|Any CPU
		{BA94C4E0-5F98-4278-9863-E7046587FC7B}.Debug|x64.ActiveCfg = Debug|Any CPU
		{BA94C4E0-5F98-4278-9863-E7046587FC7B}.Debug|x64.Build.0 = Debug|Any CPU
		{BA94C4E0-5F98-4278-9863-E7046587FC7B}.Debug|x86.ActiveCfg = Debug|Any CPU
		{BA94C4E0-5F98-4278-9863-E7046587FC7B}.Debug|x86.Build.0 = Debug|Any CPU
		{BA94C4E0-5F98-4278-9863-E7046587FC7B}.Release|Any CPU.ActiveCfg = Release|Any CPU
		{BA94C4E0-5F98-4278-9863-E7046587FC7B}.Release|Any CPU.Build.0 = Release|Any CPU
		{BA94C4E0-5F98-4278-9863-E7046587FC7B}.Release|x64.ActiveCfg = Release|Any CPU
		{BA94C4E0-5F98-4278-9863-E7046587FC7B}.Release|x64.Build.0 = Release|Any CPU
		{BA94C4E0-5F98-4278-9863-E7046587FC7B}.Release|x86.ActiveCfg = Release|Any CPU
		{BA94C4E0-5F98-4278-9863-E7046587FC7B}.Release|x86.Build.0 = Release|Any CPU
		{4E76DEC9-AC69-496E-BDF8-5699E2F99584}.Debug|Any CPU.ActiveCfg = Debug|Any CPU
		{4E76DEC9-AC69-496E-BDF8-5699E2F99584}.Debug|Any CPU.Build.0 = Debug|Any CPU
		{4E76DEC9-AC69-496E-BDF8-5699E2F99584}.Debug|x64.ActiveCfg = Debug|Any CPU
		{4E76DEC9-AC69-496E-BDF8-5699E2F99584}.Debug|x64.Build.0 = Debug|Any CPU
		{4E76DEC9-AC69-496E-BDF8-5699E2F99584}.Debug|x86.ActiveCfg = Debug|Any CPU
		{4E76DEC9-AC69-496E-BDF8-5699E2F99584}.Debug|x86.Build.0 = Debug|Any CPU
		{4E76DEC9-AC69-496E-BDF8-5699E2F99584}.Release|Any CPU.ActiveCfg = Release|Any CPU
		{4E76DEC9-AC69-496E-BDF8-5699E2F99584}.Release|Any CPU.Build.0 = Release|Any CPU
		{4E76DEC9-AC69-496E-BDF8-5699E2F99584}.Release|x64.ActiveCfg = Release|Any CPU
		{4E76DEC9-AC69-496E-BDF8-5699E2F99584}.Release|x64.Build.0 = Release|Any CPU
		{4E76DEC9-AC69-496E-BDF8-5699E2F99584}.Release|x86.ActiveCfg = Release|Any CPU
		{4E76DEC9-AC69-496E-BDF8-5699E2F99584}.Release|x86.Build.0 = Release|Any CPU
	EndGlobalSection
	GlobalSection(SolutionProperties) = preSolution
		HideSolutionNode = FALSE
	EndGlobalSection
	GlobalSection(NestedProjects) = preSolution
		{69441A1E-975C-4232-8163-7ACB69D62B92} = {827E0CD3-B72D-47B6-A68D-7590B98EB39B}
		{1F59AAF7-1912-4F82-ADAD-56A24C560CFC} = {827E0CD3-B72D-47B6-A68D-7590B98EB39B}
		{6AB932C2-24A2-4C29-8B33-5887E94ACF7A} = {827E0CD3-B72D-47B6-A68D-7590B98EB39B}
		{5FC38554-6D54-4F77-80B8-03E95F28C791} = {0AB3BF05-4346-4AA6-1389-037BE0695223}
		{57A30BE9-3C24-4A24-B736-3DAF26D486FF} = {0AB3BF05-4346-4AA6-1389-037BE0695223}
		{BA94C4E0-5F98-4278-9863-E7046587FC7B} = {0AB3BF05-4346-4AA6-1389-037BE0695223}
		{4E76DEC9-AC69-496E-BDF8-5699E2F99584} = {0AB3BF05-4346-4AA6-1389-037BE0695223}
	EndGlobalSection
EndGlobal
